
Microsoft Visual Studio Solution File, Format Version 12.00
# Visual Studio Version 17
VisualStudioVersion = 17.2.32516.85
MinimumVisualStudioVersion = 10.0.40219.1
Project("{FAE04EC0-301F-11D3-BF4B-00C04F79EFBC}") = "vuudart_website", "vuudart_website\vuudart_website.csproj", "{ED40A2D7-986C-4B3A-B33E-0A8D915820BD}"
EndProject
Global
	GlobalSection(SolutionConfigurationPlatforms) = preSolution
		Debug|Any CPU = Debug|Any CPU
		Release|Any CPU = Release|Any CPU
	EndGlobalSection
	GlobalSection(ProjectConfigurationPlatforms) = postSolution
		{ED40A2D7-986C-4B3A-B33E-0A8D915820BD}.Debug|Any CPU.ActiveCfg = Debug|Any CPU
		{ED40A2D7-986C-4B3A-B33E-0A8D915820BD}.Debug|Any CPU.Build.0 = Debug|Any CPU
		{ED40A2D7-986C-4B3A-B33E-0A8D915820BD}.Release|Any CPU.ActiveCfg = Release|Any CPU
		{ED40A2D7-986C-4B3A-B33E-0A8D915820BD}.Release|Any CPU.Build.0 = Release|Any CPU
	EndGlobalSection
	GlobalSection(SolutionProperties) = preSolution
		HideSolutionNode = FALSE
	EndGlobalSection
	GlobalSection(ExtensibilityGlobals) = postSolution
		SolutionGuid = {B831A03C-DC14-4B98-A0C2-7544CFBBCE67}
	EndGlobalSection
EndGlobal
